{
    "requires": true,
    "lockfileVersion": 1,
    "dependencies": {
        "twitter-text-tweetlength-js": {
            "version": "1.14.3",
            "resolved": "https://registry.npmjs.org/twitter-text-tweetlength-js/-/twitter-text-tweetlength-js-1.14.3.tgz",
            "integrity": "sha1-tAG8KVUeRgaptDMNUyoap4CyLWg="
        }
    }
}
